
Microsoft Visual Studio Solution File, Format Version 12.00
# Visual Studio 2012
Project("{FAE04EC0-301F-11D3-BF4B-00C04F79EFBC}") = "AdvManageSystem", "AdvManageSystem\AdvManageSystem.csproj", "{DEACC156-9D4A-4910-8722-6B3D1564C8D0}"
EndProject
Project("{FAE04EC0-301F-11D3-BF4B-00C04F79EFBC}") = "Model", "Model\Model.csproj", "{6FC940E6-AFF6-4859-8E5A-7C6856F47B49}"
EndProject
Global
	GlobalSection(SolutionConfigurationPlatforms) = preSolution
		Debug|Any CPU = Debug|Any CPU
		Release|Any CPU = Release|Any CPU
	EndGlobalSection
	GlobalSection(ProjectConfigurationPlatforms) = postSolution
		{DEACC156-9D4A-4910-8722-6B3D1564C8D0}.Debug|Any CPU.ActiveCfg = Debug|Any CPU
		{DEACC156-9D4A-4910-8722-6B3D1564C8D0}.Debug|Any CPU.Build.0 = Debug|Any CPU
		{DEACC156-9D4A-4910-8722-6B3D1564C8D0}.Release|Any CPU.ActiveCfg = Release|Any CPU
		{DEACC156-9D4A-4910-8722-6B3D1564C8D0}.Release|Any CPU.Build.0 = Release|Any CPU
		{6FC940E6-AFF6-4859-8E5A-7C6856F47B49}.Debug|Any CPU.ActiveCfg = Debug|Any CPU
		{6FC940E6-AFF6-4859-8E5A-7C6856F47B49}.Debug|Any CPU.Build.0 = Debug|Any CPU
		{6FC940E6-AFF6-4859-8E5A-7C6856F47B49}.Release|Any CPU.ActiveCfg = Release|Any CPU
		{6FC940E6-AFF6-4859-8E5A-7C6856F47B49}.Release|Any CPU.Build.0 = Release|Any CPU
	EndGlobalSection
	GlobalSection(SolutionProperties) = preSolution
		HideSolutionNode = FALSE
	EndGlobalSection
EndGlobal
